
Microsoft Visual Studio Solution File, Format Version 12.00
# Visual Studio Version 17
VisualStudioVersion = 17.3.32922.545
MinimumVisualStudioVersion = 10.0.40219.1
Project("{FAE04EC0-301F-11D3-BF4B-00C04F79EFBC}") = "Chatty", "Chatty\Chatty.csproj", "{B17A2F17-378C-4606-92E6-0B92DD81C525}"
EndProject
Global
	GlobalSection(SolutionConfigurationPlatforms) = preSolution
		Debug|Any CPU = Debug|Any CPU
		Release|Any CPU = Release|Any CPU
	EndGlobalSection
	GlobalSection(ProjectConfigurationPlatforms) = postSolution
		{B17A2F17-378C-4606-92E6-0B92DD81C525}.Debug|Any CPU.ActiveCfg = Debug|Any CPU
		{B17A2F17-378C-4606-92E6-0B92DD81C525}.Debug|Any CPU.Build.0 = Debug|Any CPU
		{B17A2F17-378C-4606-92E6-0B92DD81C525}.Release|Any CPU.ActiveCfg = Release|Any CPU
		{B17A2F17-378C-4606-92E6-0B92DD81C525}.Release|Any CPU.Build.0 = Release|Any CPU
	EndGlobalSection
	GlobalSection(SolutionProperties) = preSolution
		HideSolutionNode = FALSE
	EndGlobalSection
	GlobalSection(ExtensibilityGlobals) = postSolution
		SolutionGuid = {756718D1-9C83-4995-9321-D9C3ED6DE228}
	EndGlobalSection
EndGlobal
